
Microsoft Visual Studio Solution File, Format Version 12.00
# Visual Studio Version 16
VisualStudioVersion = 16.0.31402.337
MinimumVisualStudioVersion = 10.0.40219.1
Project("{9A19103F-16F7-4668-BE54-9A1E7A4F7556}") = "RestWithASPNETUdemy", "RestWithASPNETUdemy\RestWithASPNETUdemy.csproj", "{B3E2A6B8-DE4C-45B1-B5AE-B1583DEE5C9B}"
EndProject
Project("{E53339B2-1760-4266-BCC7-CA923CBCF16C}") = "docker-compose", "docker-compose.dcproj", "{D5F63F10-5708-4450-BF1D-0D9ABCD3F356}"
EndProject
Global
	GlobalSection(SolutionConfigurationPlatforms) = preSolution
		Debug|Any CPU = Debug|Any CPU
		Release|Any CPU = Release|Any CPU
	EndGlobalSection
	GlobalSection(ProjectConfigurationPlatforms) = postSolution
		{B3E2A6B8-DE4C-45B1-B5AE-B1583DEE5C9B}.Debug|Any CPU.ActiveCfg = Debug|Any CPU
		{B3E2A6B8-DE4C-45B1-B5AE-B1583DEE5C9B}.Debug|Any CPU.Build.0 = Debug|Any CPU
		{B3E2A6B8-DE4C-45B1-B5AE-B1583DEE5C9B}.Release|Any CPU.ActiveCfg = Release|Any CPU
		{B3E2A6B8-DE4C-45B1-B5AE-B1583DEE5C9B}.Release|Any CPU.Build.0 = Release|Any CPU
		{D5F63F10-5708-4450-BF1D-0D9ABCD3F356}.Debug|Any CPU.ActiveCfg = Debug|Any CPU
		{D5F63F10-5708-4450-BF1D-0D9ABCD3F356}.Debug|Any CPU.Build.0 = Debug|Any CPU
		{D5F63F10-5708-4450-BF1D-0D9ABCD3F356}.Release|Any CPU.ActiveCfg = Release|Any CPU
		{D5F63F10-5708-4450-BF1D-0D9ABCD3F356}.Release|Any CPU.Build.0 = Release|Any CPU
	EndGlobalSection
	GlobalSection(SolutionProperties) = preSolution
		HideSolutionNode = FALSE
	EndGlobalSection
	GlobalSection(ExtensibilityGlobals) = postSolution
		SolutionGuid = {696F8E82-9877-4ECF-8239-945EBE38DFBD}
	EndGlobalSection
EndGlobal
